{"1.1.0",
[{<<"base16">>,{pkg,<<"base16">>,<<"1.0.0">>},1},
 {<<"bugsnag">>,
  {git,"https://github.com/project-fifo/bugsnag-erlang.git",
       {ref,"b2acf7999a737fd236d21121687b8c9dc77f7aa3"}},
  0},
 {<<"certifi">>,{pkg,<<"certifi">>,<<"1.0.0">>},2},
 {<<"eini">>,{pkg,<<"eini">>,<<"1.2.4">>},2},
 {<<"eper">>,{pkg,<<"eper">>,<<"0.94.0">>},0},
 {<<"erlcloud">>,{pkg,<<"erlcloud">>,<<"2.2.4">>},1},
 {<<"erlsom">>,
  {git,"https://github.com/willemdj/erlsom.git",
       {ref,"bc48604f7a74440da66aa7dba95a3bf634fdf138"}},
  0},
 {<<"erltrace">>,{pkg,<<"erltrace">>,<<"0.1.4">>},0},
 {<<"fifo_dt">>,
  {git,"https://github.com/project-fifo/fifo_dt.git",
       {ref,"498682db5c72e1017617eba4e7135c83d55cb988"}},
  0},
 {<<"fifo_lager">>,
  {git,"https://github.com/project-fifo/fifo_lager.git",
       {ref,"c0e8e1611ee3c57f68a1fb99caa3c64390efcff7"}},
  0},
 {<<"fifo_s3">>,
  {git,"https://github.com/project-fifo/fifo_s3.git",
       {ref,"8ad84953f910ea6164a2be9c354929ddeac54fbd"}},
  0},
 {<<"fifo_spec">>,
  {git,"https://github.com/project-fifo/fifo_spec.git",
       {ref,"ea1e537ac8151a813837c1fb80b5c74a75fd6080"}},
  0},
 {<<"fifo_utils">>,{pkg,<<"fifo_utils">>,<<"0.1.34">>},0},
 {<<"goldrush">>,{pkg,<<"goldrush">>,<<"0.1.9">>},2},
 {<<"hackney">>,{pkg,<<"hackney">>,<<"1.6.6">>},1},
 {<<"idna">>,{pkg,<<"idna">>,<<"4.0.0">>},2},
 {<<"jsone">>,{pkg,<<"jsone">>,<<"1.4.3">>},0},
 {<<"jsx">>,{pkg,<<"jsx">>,<<"2.8.0">>},2},
 {<<"jsxd">>,{pkg,<<"jsxd">>,<<"0.2.4">>},0},
 {<<"lager">>,{pkg,<<"lager">>,<<"3.2.4">>},1},
 {<<"lager_graylog">>,{pkg,<<"lager_graylog">>,<<"0.1.1">>},1},
 {<<"lager_logstash_backend">>,
  {pkg,<<"lager_logstash_backend">>,<<"0.1.1">>},
  1},
 {<<"lhttpc">>,{pkg,<<"lhttpc">>,<<"1.5.1">>},2},
 {<<"libchunter">>,
  {git,"https://github.com/project-fifo/libchunter.git",
       {ref,"4803e8736aace988af0d3fe138d9c70996cbf65f"}},
  0},
 {<<"libhowl">>,
  {git,"https://github.com/project-fifo/libhowl.git",
       {ref,"bc0de6ab0015c3430891d22dcddb6dd61ece5cdb"}},
  0},
 {<<"libsnarl">>,
  {git,"https://github.com/project-fifo/libsnarl.git",
       {ref,"166f271cb83a2df8fa3b0f5da3da22e8701a0713"}},
  0},
 {<<"libsnarlmatch">>,{pkg,<<"libsnarlmatch">>,<<"0.1.8">>},1},
 {<<"libsniffle">>,
  {git,"https://github.com/project-fifo/libsniffle.git",
       {ref,"6a551af023f6bd5a2c8088b50a82e11bdb6c84d5"}},
  0},
 {<<"mdns_client">>,{pkg,<<"mdns_client">>,<<"0.1.8">>},2},
 {<<"mdns_client_lib">>,{pkg,<<"mdns_client_lib">>,<<"0.1.43">>},1},
 {<<"metrics">>,{pkg,<<"metrics">>,<<"1.0.1">>},2},
 {<<"mimerl">>,{pkg,<<"mimerl">>,<<"1.0.2">>},2},
 {<<"oauth2">>,{pkg,<<"oauth2_erlang">>,<<"0.6.1">>},1},
 {<<"poolboy">>,{pkg,<<"poolboy">>,<<"1.5.1">>},1},
 {<<"pooler">>,{pkg,<<"pooler">>,<<"1.5.0">>},2},
 {<<"quickrand">>,{pkg,<<"quickrand">>,<<"1.5.4">>},2},
 {<<"ranch">>,
  {git,"https://github.com/extend/ranch.git",
       {ref,"741bfb73ca663394ecf7a73410506d66f01985a6"}},
  0},
 {<<"recon">>,{pkg,<<"recon">>,<<"2.3.2">>},0},
 {<<"riak_dt">>,{pkg,<<"riak_dt">>,<<"2.1.1">>},1},
 {<<"smurf">>,{pkg,<<"smurf">>,<<"0.1.3">>},0},
 {<<"ssl_verify_fun">>,{pkg,<<"ssl_verify_fun">>,<<"1.1.1">>},2},
 {<<"uuid">>,{pkg,<<"uuid_erl">>,<<"1.5.4">>},1}]}.
[
{pkg_hash,[
 {<<"base16">>, <<"283644E2B21BD5915ACB7178BED7851FB07C6E5749B8FAD68A53C501092176D9">>},
 {<<"certifi">>, <<"1C787A85B1855BA354F0B8920392C19AA1D06B0EE1362F9141279620A5BE2039">>},
 {<<"eini">>, <<"ABD64A0533398A6D714D21219BB85F2D41FDB42665AC4080939B7BFA8E55F386">>},
 {<<"eper">>, <<"F5FB2DAA0DF8878748E1C598428EDA942A173E5121FF35C1D632129B84593A3A">>},
 {<<"erlcloud">>, <<"0A5FE1A086EEEA67CBC48CD10195C6AA2A4C83482BE8A10AE3AB7633C251DA74">>},
 {<<"erltrace">>, <<"52AB842198BDE702FA1BA66C4D9E6001375082EE8EF323E0A4DC477DC101435E">>},
 {<<"fifo_utils">>, <<"F82B2014D10B7C07ACCBF3A7C340B9C80F09E3E17D11CCF1C232D91F8335DB10">>},
 {<<"goldrush">>, <<"F06E5D5F1277DA5C413E84D5A2924174182FB108DABB39D5EC548B27424CD106">>},
 {<<"hackney">>, <<"5564B4695D48FD87859E9DF77A7FA4B4D284D24519F0CD7CC898F09E8FBDC8A3">>},
 {<<"idna">>, <<"10AAA9F79D0B12CF0DEF53038547855B91144F1BFCC0EC73494F38BB7B9C4961">>},
 {<<"jsone">>, <<"6D5F802136249E64F9D4997043B13355C6EAC314217DC3B19BF3677E351A0641">>},
 {<<"jsx">>, <<"749BEC6D205C694AE1786D62CEA6CC45A390437E24835FD16D12D74F07097727">>},
 {<<"jsxd">>, <<"C14114AFCA463F2D03D3FB6CC81FD51CDA8CA86A47E5AC3ABDF0CA572A73A413">>},
 {<<"lager">>, <<"A6DEB74DAE7927F46BD13255268308EF03EB206EC784A94EAF7C1C0F3B811615">>},
 {<<"lager_graylog">>, <<"2C3C11A7BCAB6135F0113DF71E26742B8A301AD2D2A67917526CDD20F90898F9">>},
 {<<"lager_logstash_backend">>, <<"66405FEC3223C13D94C3112933D4234FC7BF8C7DB77A1C9C162183AB5C044F73">>},
 {<<"lhttpc">>, <<"2137CB82D123751B21CC0461A00734CD32CB470BC6278BA139EE13C1ECC3C2B1">>},
 {<<"libsnarlmatch">>, <<"198C9628A89CADD38A58F45CF152A6432121F7716ED417BB5980A37455E55C23">>},
 {<<"mdns_client">>, <<"9BDE137935F7CAB917F79988396C03F773549A9F050E36F000EE68F330D66CF7">>},
 {<<"mdns_client_lib">>, <<"25AFABEB1204AA4040E853B29F163AFAB95F541C3B6088000D2208D921E73DE1">>},
 {<<"metrics">>, <<"25F094DEA2CDA98213CECC3AEFF09E940299D950904393B2A29D191C346A8486">>},
 {<<"mimerl">>, <<"993F9B0E084083405ED8252B99460C4F0563E41729AB42D9074FD5E52439BE88">>},
 {<<"oauth2">>, <<"42E449E17F1DFB05B483C38F2DA2504F1CDFFC06F0ACF23773562A6824E8C903">>},
 {<<"poolboy">>, <<"6B46163901CFD0A1B43D692657ED9D7E599853B3B21B95AE5AE0A777CF9B6CA8">>},
 {<<"pooler">>, <<"0FD4BE5D2976E6A2E9A1617623031758C26F200C1FCA89E4A3C542747BEC6371">>},
 {<<"quickrand">>, <<"47ADD4755CC5F209CBEFFD6F47C84061196CD7FAD99FD8FD12418EB0D06B939D">>},
 {<<"recon">>, <<"4444C879BE323B1B133EEC5241CB84BD3821EA194C740D75617E106BE4744318">>},
 {<<"riak_dt">>, <<"56B1898A543C561994F5D052FDEA972525CA98F46FDB3DCDB7366E4F92EE8F54">>},
 {<<"smurf">>, <<"C7CBFF5522E35270B6889B5510793D750358A4B334A45FC38050AB90F4AEDF22">>},
 {<<"ssl_verify_fun">>, <<"28A4D65B7F59893BC2C7DE786DEC1E1555BD742D336043FE644AE956C3497FBE">>},
 {<<"uuid">>, <<"06240EFF3EAF013CC22274689B0C1FF6345645EE5D47A9E4ED7545EEB7698B23">>}]}
].
