[{<<"base16">>,{pkg,<<"base16">>,<<"1.0.0">>},1},
 {<<"bugsnag">>,
  {git,"https://github.com/project-fifo/bugsnag-erlang.git",
       {ref,"08839d06b861404ca90fffd2bfab7aa9ff519f2e"}},
  0},
 {<<"certifi">>,{pkg,<<"certifi">>,<<"0.4.0">>},2},
 {<<"eper">>,{pkg,<<"eper">>,<<"0.94.0">>},0},
 {<<"erlcloud">>,{pkg,<<"erlcloud">>,<<"0.13.2">>},1},
 {<<"erlsom">>,
  {git,"https://github.com/willemdj/erlsom.git",
       {ref,"bc48604f7a74440da66aa7dba95a3bf634fdf138"}},
  0},
 {<<"erltrace">>,{pkg,<<"erltrace">>,<<"0.1.4">>},0},
 {<<"fifo_dt">>,
  {git,"https://github.com/project-fifo/fifo_dt.git",
       {ref,"7e4d039e500fa03f0e96dfed0356e1faac0976d8"}},
  0},
 {<<"fifo_lager">>,
  {git,"https://github.com/project-fifo/fifo_lager.git",
       {ref,"c0e8e1611ee3c57f68a1fb99caa3c64390efcff7"}},
  0},
 {<<"fifo_s3">>,
  {git,"https://github.com/project-fifo/fifo_s3.git",
       {ref,"3482db78a8648a00d687c1ec2ffb9d0f7f86d3f8"}},
  0},
 {<<"fifo_spec">>,
  {git,"https://github.com/project-fifo/fifo_spec.git",
       {ref,"8d2305b8d41241a103f51d74214de0b5ff0abc12"}},
  0},
 {<<"fifo_utils">>,{pkg,<<"fifo_utils">>,<<"0.1.26">>},0},
 {<<"goldrush">>,{pkg,<<"goldrush">>,<<"0.1.8">>},2},
 {<<"hackney">>,{pkg,<<"hackney">>,<<"1.6.0">>},1},
 {<<"idna">>,{pkg,<<"idna">>,<<"1.2.0">>},2},
 {<<"jsone">>,{pkg,<<"jsone">>,<<"1.4.0">>},0},
 {<<"jsx">>,{pkg,<<"jsx">>,<<"2.8.0">>},2},
 {<<"jsxd">>,{pkg,<<"jsxd">>,<<"0.2.3">>},0},
 {<<"lager">>,{pkg,<<"lager">>,<<"3.2.1">>},1},
 {<<"lager_graylog">>,{pkg,<<"lager_graylog">>,<<"0.1.1">>},1},
 {<<"lager_logstash_backend">>,
  {pkg,<<"lager_logstash_backend">>,<<"0.1.1">>},
  1},
 {<<"lhttpc">>,{pkg,<<"lhttpc">>,<<"1.4.0">>},2},
 {<<"libchunter">>,
  {git,"https://github.com/project-fifo/libchunter.git",
       {ref,"4e6ac50e58f0d149c49e297b3e28dde6c35e48f8"}},
  0},
 {<<"libhowl">>,
  {git,"https://github.com/project-fifo/libhowl.git",
       {ref,"c0beb101ceb9ccfad80074576720a8b80c89ba89"}},
  0},
 {<<"libsnarl">>,
  {git,"https://github.com/project-fifo/libsnarl.git",
       {ref,"c25b9b4eadbf0d9a03b656ecd162306ad505b5a0"}},
  0},
 {<<"libsnarlmatch">>,{pkg,<<"libsnarlmatch">>,<<"0.1.7">>},1},
 {<<"libsniffle">>,
  {git,"https://github.com/project-fifo/libsniffle.git",
       {ref,"0638b67511289c9654f3318d45b8a2d209e400de"}},
  0},
 {<<"mdns_client">>,{pkg,<<"mdns_client">>,<<"0.1.8">>},2},
 {<<"mdns_client_lib">>,{pkg,<<"mdns_client_lib">>,<<"0.1.41">>},1},
 {<<"metrics">>,{pkg,<<"metrics">>,<<"1.0.1">>},2},
 {<<"mimerl">>,{pkg,<<"mimerl">>,<<"1.0.2">>},2},
 {<<"oauth2">>,{pkg,<<"oauth2_erlang">>,<<"0.6.1">>},1},
 {<<"poolboy">>,{pkg,<<"poolboy">>,<<"1.5.1">>},1},
 {<<"pooler">>,{pkg,<<"pooler">>,<<"1.5.0">>},2},
 {<<"quickrand">>,{pkg,<<"quickrand">>,<<"1.5.4">>},2},
 {<<"ranch">>,
  {git,"https://github.com/extend/ranch.git",
       {ref,"741bfb73ca663394ecf7a73410506d66f01985a6"}},
  0},
 {<<"recon">>,{pkg,<<"recon">>,<<"2.3.2">>},0},
 {<<"riak_dt">>,{pkg,<<"riak_dt">>,<<"2.1.1">>},1},
 {<<"smurf">>,{pkg,<<"smurf">>,<<"0.1.3">>},0},
 {<<"ssl_verify_fun">>,{pkg,<<"ssl_verify_fun">>,<<"1.1.0">>},2},
 {<<"uuid">>,{pkg,<<"uuid_erl">>,<<"1.5.4">>},1}].
